
Microsoft Visual Studio Solution File, Format Version 12.00
# Visual Studio 15
VisualStudioVersion = 15.0.28307.329
MinimumVisualStudioVersion = 10.0.40219.1
Project("{FAE04EC0-301F-11D3-BF4B-00C04F79EFBC}") = "FirstTry", "FirstTry\FirstTry.csproj", "{18FA55B5-51A4-438B-A6B8-04B85A48818E}"
EndProject
Global
	GlobalSection(SolutionConfigurationPlatforms) = preSolution
		Debug|Any CPU = Debug|Any CPU
		Release|Any CPU = Release|Any CPU
	EndGlobalSection
	GlobalSection(ProjectConfigurationPlatforms) = postSolution
		{18FA55B5-51A4-438B-A6B8-04B85A48818E}.Debug|Any CPU.ActiveCfg = Debug|Any CPU
		{18FA55B5-51A4-438B-A6B8-04B85A48818E}.Debug|Any CPU.Build.0 = Debug|Any CPU
		{18FA55B5-51A4-438B-A6B8-04B85A48818E}.Release|Any CPU.ActiveCfg = Release|Any CPU
		{18FA55B5-51A4-438B-A6B8-04B85A48818E}.Release|Any CPU.Build.0 = Release|Any CPU
	EndGlobalSection
	GlobalSection(SolutionProperties) = preSolution
		HideSolutionNode = FALSE
	EndGlobalSection
	GlobalSection(ExtensibilityGlobals) = postSolution
		SolutionGuid = {5DD2F3AF-DF3D-464B-90A1-E2C7F1B1CCC0}
	EndGlobalSection
EndGlobal
